// !$*UTF8*$!
{
	archiveVersion = 1;
	classes = {
	};
	objectVersion = 56;
	objects = {

/* Begin PBXBuildFile section */
		9B08C89C2B0317B000693D42 /* RickAndMortyAppApp.swift in Sources */ = {isa = PBXBuildFile; fileRef = 9B08C89B2B0317B000693D42 /* RickAndMortyAppApp.swift */; };
		9B08C89E2B0317B000693D42 /* ContentView.swift in Sources */ = {isa = PBXBuildFile; fileRef = 9B08C89D2B0317B000693D42 /* ContentView.swift */; };
		9B08C8A02B0317B300693D42 /* Assets.xcassets in Resources */ = {isa = PBXBuildFile; fileRef = 9B08C89F2B0317B300693D42 /* Assets.xcassets */; };
		9B08C8A32B0317B300693D42 /* Preview Assets.xcassets in Resources */ = {isa = PBXBuildFile; fileRef = 9B08C8A22B0317B300693D42 /* Preview Assets.xcassets */; };
		9B08C8B22B03191800693D42 /* RMService.swift in Sources */ = {isa = PBXBuildFile; fileRef = 9B08C8B12B03191800693D42 /* RMService.swift */; };
		9B08C8B42B03192B00693D42 /* RMRequest.swift in Sources */ = {isa = PBXBuildFile; fileRef = 9B08C8B32B03192B00693D42 /* RMRequest.swift */; };
		9B08C8B62B03193E00693D42 /* RMEndpoint.swift in Sources */ = {isa = PBXBuildFile; fileRef = 9B08C8B52B03193D00693D42 /* RMEndpoint.swift */; };
		9B08C8BC2B03272800693D42 /* HomeView.swift in Sources */ = {isa = PBXBuildFile; fileRef = 9B08C8BB2B03272800693D42 /* HomeView.swift */; };
		9B08C8BE2B0327FA00693D42 /* RMCharacter.swift in Sources */ = {isa = PBXBuildFile; fileRef = 9B08C8BD2B0327FA00693D42 /* RMCharacter.swift */; };
		9B08C8C22B03285E00693D42 /* RMLocation.swift in Sources */ = {isa = PBXBuildFile; fileRef = 9B08C8C12B03285E00693D42 /* RMLocation.swift */; };
		9B08C8C42B03287D00693D42 /* RMEpisode.swift in Sources */ = {isa = PBXBuildFile; fileRef = 9B08C8C32B03287D00693D42 /* RMEpisode.swift */; };
		9B08C8C62B0328B700693D42 /* RMCharacterOrigin.swift in Sources */ = {isa = PBXBuildFile; fileRef = 9B08C8C52B0328B700693D42 /* RMCharacterOrigin.swift */; };
		9B08C8C82B0328D700693D42 /* RMCharacterLocation.swift in Sources */ = {isa = PBXBuildFile; fileRef = 9B08C8C72B0328D700693D42 /* RMCharacterLocation.swift */; };
		9B08C8CA2B0328E800693D42 /* RMCharacterGender.swift in Sources */ = {isa = PBXBuildFile; fileRef = 9B08C8C92B0328E800693D42 /* RMCharacterGender.swift */; };
		9B08C8CC2B03291600693D42 /* RMCharacterStatus.swift in Sources */ = {isa = PBXBuildFile; fileRef = 9B08C8CB2B03291600693D42 /* RMCharacterStatus.swift */; };
		9B08C8CE2B03299500693D42 /* RMGetAllCharactersResponse.swift in Sources */ = {isa = PBXBuildFile; fileRef = 9B08C8CD2B03299500693D42 /* RMGetAllCharactersResponse.swift */; };
		9B08C8D02B03320800693D42 /* CharacterListView.swift in Sources */ = {isa = PBXBuildFile; fileRef = 9B08C8CF2B03320800693D42 /* CharacterListView.swift */; };
		9B08C8D32B03323200693D42 /* EpisodeListView.swift in Sources */ = {isa = PBXBuildFile; fileRef = 9B08C8D22B03323200693D42 /* EpisodeListView.swift */; };
		9B08C8D62B03324C00693D42 /* LocationListView.swift in Sources */ = {isa = PBXBuildFile; fileRef = 9B08C8D52B03324C00693D42 /* LocationListView.swift */; };
		9B08C8DA2B0345C800693D42 /* SettingsView.swift in Sources */ = {isa = PBXBuildFile; fileRef = 9B08C8D92B0345C800693D42 /* SettingsView.swift */; };
		9B08C8DC2B0358CF00693D42 /* CharacterListViewViewModel.swift in Sources */ = {isa = PBXBuildFile; fileRef = 9B08C8DB2B0358CE00693D42 /* CharacterListViewViewModel.swift */; };
		9B08C8DF2B037F4000693D42 /* CharacterListCardView.swift in Sources */ = {isa = PBXBuildFile; fileRef = 9B08C8DE2B037F4000693D42 /* CharacterListCardView.swift */; };
		9BFEA46A2B26D003003ADD8D /* CharacterDetailView.swift in Sources */ = {isa = PBXBuildFile; fileRef = 9BFEA4692B26D002003ADD8D /* CharacterDetailView.swift */; };
		9BFEA46C2B26EC77003ADD8D /* CharacterDescChipView.swift in Sources */ = {isa = PBXBuildFile; fileRef = 9BFEA46B2B26EC77003ADD8D /* CharacterDescChipView.swift */; };
/* End PBXBuildFile section */

/* Begin PBXFileReference section */
		9B08C8982B0317B000693D42 /* RickAndMortyApp.app */ = {isa = PBXFileReference; explicitFileType = wrapper.application; includeInIndex = 0; path = RickAndMortyApp.app; sourceTree = BUILT_PRODUCTS_DIR; };
		9B08C89B2B0317B000693D42 /* RickAndMortyAppApp.swift */ = {isa = PBXFileReference; lastKnownFileType = sourcecode.swift; path = RickAndMortyAppApp.swift; sourceTree = "<group>"; };
		9B08C89D2B0317B000693D42 /* ContentView.swift */ = {isa = PBXFileReference; lastKnownFileType = sourcecode.swift; path = ContentView.swift; sourceTree = "<group>"; };
		9B08C89F2B0317B300693D42 /* Assets.xcassets */ = {isa = PBXFileReference; lastKnownFileType = folder.assetcatalog; path = Assets.xcassets; sourceTree = "<group>"; };
		9B08C8A22B0317B300693D42 /* Preview Assets.xcassets */ = {isa = PBXFileReference; lastKnownFileType = folder.assetcatalog; path = "Preview Assets.xcassets"; sourceTree = "<group>"; };
		9B08C8B12B03191800693D42 /* RMService.swift */ = {isa = PBXFileReference; lastKnownFileType = sourcecode.swift; path = RMService.swift; sourceTree = "<group>"; };
		9B08C8B32B03192B00693D42 /* RMRequest.swift */ = {isa = PBXFileReference; lastKnownFileType = sourcecode.swift; path = RMRequest.swift; sourceTree = "<group>"; };
		9B08C8B52B03193D00693D42 /* RMEndpoint.swift */ = {isa = PBXFileReference; lastKnownFileType = sourcecode.swift; path = RMEndpoint.swift; sourceTree = "<group>"; };
		9B08C8BB2B03272800693D42 /* HomeView.swift */ = {isa = PBXFileReference; lastKnownFileType = sourcecode.swift; path = HomeView.swift; sourceTree = "<group>"; };
		9B08C8BD2B0327FA00693D42 /* RMCharacter.swift */ = {isa = PBXFileReference; lastKnownFileType = sourcecode.swift; path = RMCharacter.swift; sourceTree = "<group>"; };
		9B08C8C12B03285E00693D42 /* RMLocation.swift */ = {isa = PBXFileReference; lastKnownFileType = sourcecode.swift; path = RMLocation.swift; sourceTree = "<group>"; };
		9B08C8C32B03287D00693D42 /* RMEpisode.swift */ = {isa = PBXFileReference; lastKnownFileType = sourcecode.swift; path = RMEpisode.swift; sourceTree = "<group>"; };
		9B08C8C52B0328B700693D42 /* RMCharacterOrigin.swift */ = {isa = PBXFileReference; lastKnownFileType = sourcecode.swift; path = RMCharacterOrigin.swift; sourceTree = "<group>"; };
		9B08C8C72B0328D700693D42 /* RMCharacterLocation.swift */ = {isa = PBXFileReference; lastKnownFileType = sourcecode.swift; path = RMCharacterLocation.swift; sourceTree = "<group>"; };
		9B08C8C92B0328E800693D42 /* RMCharacterGender.swift */ = {isa = PBXFileReference; lastKnownFileType = sourcecode.swift; path = RMCharacterGender.swift; sourceTree = "<group>"; };
		9B08C8CB2B03291600693D42 /* RMCharacterStatus.swift */ = {isa = PBXFileReference; lastKnownFileType = sourcecode.swift; path = RMCharacterStatus.swift; sourceTree = "<group>"; };
		9B08C8CD2B03299500693D42 /* RMGetAllCharactersResponse.swift */ = {isa = PBXFileReference; lastKnownFileType = sourcecode.swift; path = RMGetAllCharactersResponse.swift; sourceTree = "<group>"; };
		9B08C8CF2B03320800693D42 /* CharacterListView.swift */ = {isa = PBXFileReference; lastKnownFileType = sourcecode.swift; path = CharacterListView.swift; sourceTree = "<group>"; };
		9B08C8D22B03323200693D42 /* EpisodeListView.swift */ = {isa = PBXFileReference; lastKnownFileType = sourcecode.swift; path = EpisodeListView.swift; sourceTree = "<group>"; };
		9B08C8D52B03324C00693D42 /* LocationListView.swift */ = {isa = PBXFileReference; lastKnownFileType = sourcecode.swift; path = LocationListView.swift; sourceTree = "<group>"; };
		9B08C8D92B0345C800693D42 /* SettingsView.swift */ = {isa = PBXFileReference; lastKnownFileType = sourcecode.swift; path = SettingsView.swift; sourceTree = "<group>"; };
		9B08C8DB2B0358CE00693D42 /* CharacterListViewViewModel.swift */ = {isa = PBXFileReference; lastKnownFileType = sourcecode.swift; path = CharacterListViewViewModel.swift; sourceTree = "<group>"; };
		9B08C8DE2B037F4000693D42 /* CharacterListCardView.swift */ = {isa = PBXFileReference; lastKnownFileType = sourcecode.swift; path = CharacterListCardView.swift; sourceTree = "<group>"; };
		9BFEA4692B26D002003ADD8D /* CharacterDetailView.swift */ = {isa = PBXFileReference; lastKnownFileType = sourcecode.swift; path = CharacterDetailView.swift; sourceTree = "<group>"; };
		9BFEA46B2B26EC77003ADD8D /* CharacterDescChipView.swift */ = {isa = PBXFileReference; lastKnownFileType = sourcecode.swift; path = CharacterDescChipView.swift; sourceTree = "<group>"; };
/* End PBXFileReference section */

/* Begin PBXFrameworksBuildPhase section */
		9B08C8952B0317B000693D42 /* Frameworks */ = {
			isa = PBXFrameworksBuildPhase;
			buildActionMask = 2147483647;
			files = (
			);
			runOnlyForDeploymentPostprocessing = 0;
		};
/* End PBXFrameworksBuildPhase section */

/* Begin PBXGroup section */
		9B08C88F2B0317AF00693D42 = {
			isa = PBXGroup;
			children = (
				9B08C89A2B0317B000693D42 /* RickAndMortyApp */,
				9B08C8992B0317B000693D42 /* Products */,
			);
			sourceTree = "<group>";
		};
		9B08C8992B0317B000693D42 /* Products */ = {
			isa = PBXGroup;
			children = (
				9B08C8982B0317B000693D42 /* RickAndMortyApp.app */,
			);
			name = Products;
			sourceTree = "<group>";
		};
		9B08C89A2B0317B000693D42 /* RickAndMortyApp */ = {
			isa = PBXGroup;
			children = (
				9B08C8AA2B03183F00693D42 /* Features */,
				9B08C8A92B03181900693D42 /* APIClient */,
				9B08C89B2B0317B000693D42 /* RickAndMortyAppApp.swift */,
				9B08C89D2B0317B000693D42 /* ContentView.swift */,
				9B08C89F2B0317B300693D42 /* Assets.xcassets */,
				9B08C8A12B0317B300693D42 /* Preview Content */,
			);
			path = RickAndMortyApp;
			sourceTree = "<group>";
		};
		9B08C8A12B0317B300693D42 /* Preview Content */ = {
			isa = PBXGroup;
			children = (
				9B08C8A22B0317B300693D42 /* Preview Assets.xcassets */,
			);
			path = "Preview Content";
			sourceTree = "<group>";
		};
		9B08C8A92B03181900693D42 /* APIClient */ = {
			isa = PBXGroup;
			children = (
				9B08C8B12B03191800693D42 /* RMService.swift */,
				9B08C8B32B03192B00693D42 /* RMRequest.swift */,
				9B08C8B52B03193D00693D42 /* RMEndpoint.swift */,
			);
			path = APIClient;
			sourceTree = "<group>";
		};
		9B08C8AA2B03183F00693D42 /* Features */ = {
			isa = PBXGroup;
			children = (
				9B08C8D72B03459E00693D42 /* Setting */,
				9B08C8B72B0326CB00693D42 /* Home */,
				9B08C8AB2B03185200693D42 /* Character */,
				9B08C8B92B0326E300693D42 /* Episode */,
				9B08C8B82B0326D400693D42 /* Location */,
			);
			path = Features;
			sourceTree = "<group>";
		};
		9B08C8AB2B03185200693D42 /* Character */ = {
			isa = PBXGroup;
			children = (
				9B08C8B02B0318CB00693D42 /* Controllers */,
				9B08C8AE2B0318A000693D42 /* Views */,
				9B08C8AD2B03188200693D42 /* ViewModels */,
				9B08C8AC2B03187A00693D42 /* Models */,
			);
			path = Character;
			sourceTree = "<group>";
		};
		9B08C8AC2B03187A00693D42 /* Models */ = {
			isa = PBXGroup;
			children = (
				9B08C8BD2B0327FA00693D42 /* RMCharacter.swift */,
				9B08C8C52B0328B700693D42 /* RMCharacterOrigin.swift */,
				9B08C8C72B0328D700693D42 /* RMCharacterLocation.swift */,
				9B08C8C92B0328E800693D42 /* RMCharacterGender.swift */,
				9B08C8CB2B03291600693D42 /* RMCharacterStatus.swift */,
				9B08C8CD2B03299500693D42 /* RMGetAllCharactersResponse.swift */,
			);
			path = Models;
			sourceTree = "<group>";
		};
		9B08C8AD2B03188200693D42 /* ViewModels */ = {
			isa = PBXGroup;
			children = (
				9B08C8DB2B0358CE00693D42 /* CharacterListViewViewModel.swift */,
			);
			path = ViewModels;
			sourceTree = "<group>";
		};
		9B08C8AE2B0318A000693D42 /* Views */ = {
			isa = PBXGroup;
			children = (
				9B08C8CF2B03320800693D42 /* CharacterListView.swift */,
				9B08C8DE2B037F4000693D42 /* CharacterListCardView.swift */,
				9BFEA4692B26D002003ADD8D /* CharacterDetailView.swift */,
				9BFEA46B2B26EC77003ADD8D /* CharacterDescChipView.swift */,
			);
			path = Views;
			sourceTree = "<group>";
		};
		9B08C8B02B0318CB00693D42 /* Controllers */ = {
			isa = PBXGroup;
			children = (
			);
			path = Controllers;
			sourceTree = "<group>";
		};
		9B08C8B72B0326CB00693D42 /* Home */ = {
			isa = PBXGroup;
			children = (
				9B08C8BA2B03270900693D42 /* Views */,
			);
			path = Home;
			sourceTree = "<group>";
		};
		9B08C8B82B0326D400693D42 /* Location */ = {
			isa = PBXGroup;
			children = (
				9B08C8D42B03323900693D42 /* Views */,
				9B08C8C02B03284400693D42 /* Models */,
			);
			path = Location;
			sourceTree = "<group>";
		};
		9B08C8B92B0326E300693D42 /* Episode */ = {
			isa = PBXGroup;
			children = (
				9B08C8D12B03321500693D42 /* Views */,
				9B08C8BF2B03283300693D42 /* Models */,
			);
			path = Episode;
			sourceTree = "<group>";
		};
		9B08C8BA2B03270900693D42 /* Views */ = {
			isa = PBXGroup;
			children = (
				9B08C8BB2B03272800693D42 /* HomeView.swift */,
			);
			path = Views;
			sourceTree = "<group>";
		};
		9B08C8BF2B03283300693D42 /* Models */ = {
			isa = PBXGroup;
			children = (
				9B08C8C32B03287D00693D42 /* RMEpisode.swift */,
			);
			path = Models;
			sourceTree = "<group>";
		};
		9B08C8C02B03284400693D42 /* Models */ = {
			isa = PBXGroup;
			children = (
				9B08C8C12B03285E00693D42 /* RMLocation.swift */,
			);
			path = Models;
			sourceTree = "<group>";
		};
		9B08C8D12B03321500693D42 /* Views */ = {
			isa = PBXGroup;
			children = (
				9B08C8D22B03323200693D42 /* EpisodeListView.swift */,
			);
			path = Views;
			sourceTree = "<group>";
		};
		9B08C8D42B03323900693D42 /* Views */ = {
			isa = PBXGroup;
			children = (
				9B08C8D52B03324C00693D42 /* LocationListView.swift */,
			);
			path = Views;
			sourceTree = "<group>";
		};
		9B08C8D72B03459E00693D42 /* Setting */ = {
			isa = PBXGroup;
			children = (
				9B08C8D82B0345AD00693D42 /* Views */,
			);
			path = Setting;
			sourceTree = "<group>";
		};
		9B08C8D82B0345AD00693D42 /* Views */ = {
			isa = PBXGroup;
			children = (
				9B08C8D92B0345C800693D42 /* SettingsView.swift */,
			);
			path = Views;
			sourceTree = "<group>";
		};
/* End PBXGroup section */

/* Begin PBXNativeTarget section */
		9B08C8972B0317B000693D42 /* RickAndMortyApp */ = {
			isa = PBXNativeTarget;
			buildConfigurationList = 9B08C8A62B0317B300693D42 /* Build configuration list for PBXNativeTarget "RickAndMortyApp" */;
			buildPhases = (
				9B08C8942B0317B000693D42 /* Sources */,
				9B08C8952B0317B000693D42 /* Frameworks */,
				9B08C8962B0317B000693D42 /* Resources */,
			);
			buildRules = (
			);
			dependencies = (
			);
			name = RickAndMortyApp;
			productName = RickAndMortyApp;
			productReference = 9B08C8982B0317B000693D42 /* RickAndMortyApp.app */;
			productType = "com.apple.product-type.application";
		};
/* End PBXNativeTarget section */

/* Begin PBXProject section */
		9B08C8902B0317B000693D42 /* Project object */ = {
			isa = PBXProject;
			attributes = {
				BuildIndependentTargetsInParallel = 1;
				LastSwiftUpdateCheck = 1500;
				LastUpgradeCheck = 1500;
				TargetAttributes = {
					9B08C8972B0317B000693D42 = {
						CreatedOnToolsVersion = 15.0;
					};
				};
			};
			buildConfigurationList = 9B08C8932B0317B000693D42 /* Build configuration list for PBXProject "RickAndMortyApp" */;
			compatibilityVersion = "Xcode 14.0";
			developmentRegion = en;
			hasScannedForEncodings = 0;
			knownRegions = (
				en,
				Base,
			);
			mainGroup = 9B08C88F2B0317AF00693D42;
			productRefGroup = 9B08C8992B0317B000693D42 /* Products */;
			projectDirPath = "";
			projectRoot = "";
			targets = (
				9B08C8972B0317B000693D42 /* RickAndMortyApp */,
			);
		};
/* End PBXProject section */

/* Begin PBXResourcesBuildPhase section */
		9B08C8962B0317B000693D42 /* Resources */ = {
			isa = PBXResourcesBuildPhase;
			buildActionMask = 2147483647;
			files = (
				9B08C8A32B0317B300693D42 /* Preview Assets.xcassets in Resources */,
				9B08C8A02B0317B300693D42 /* Assets.xcassets in Resources */,
			);
			runOnlyForDeploymentPostprocessing = 0;
		};
/* End PBXResourcesBuildPhase section */

/* Begin PBXSourcesBuildPhase section */
		9B08C8942B0317B000693D42 /* Sources */ = {
			isa = PBXSourcesBuildPhase;
			buildActionMask = 2147483647;
			files = (
				9B08C8D32B03323200693D42 /* EpisodeListView.swift in Sources */,
				9B08C89E2B0317B000693D42 /* ContentView.swift in Sources */,
				9B08C89C2B0317B000693D42 /* RickAndMortyAppApp.swift in Sources */,
				9BFEA46A2B26D003003ADD8D /* CharacterDetailView.swift in Sources */,
				9B08C8DA2B0345C800693D42 /* SettingsView.swift in Sources */,
				9B08C8BE2B0327FA00693D42 /* RMCharacter.swift in Sources */,
				9B08C8C42B03287D00693D42 /* RMEpisode.swift in Sources */,
				9B08C8C22B03285E00693D42 /* RMLocation.swift in Sources */,
				9B08C8B62B03193E00693D42 /* RMEndpoint.swift in Sources */,
				9B08C8DF2B037F4000693D42 /* CharacterListCardView.swift in Sources */,
				9B08C8C62B0328B700693D42 /* RMCharacterOrigin.swift in Sources */,
				9B08C8BC2B03272800693D42 /* HomeView.swift in Sources */,
				9B08C8CC2B03291600693D42 /* RMCharacterStatus.swift in Sources */,
				9B08C8CE2B03299500693D42 /* RMGetAllCharactersResponse.swift in Sources */,
				9B08C8B42B03192B00693D42 /* RMRequest.swift in Sources */,
				9B08C8C82B0328D700693D42 /* RMCharacterLocation.swift in Sources */,
				9B08C8D62B03324C00693D42 /* LocationListView.swift in Sources */,
				9B08C8D02B03320800693D42 /* CharacterListView.swift in Sources */,
				9BFEA46C2B26EC77003ADD8D /* CharacterDescChipView.swift in Sources */,
				9B08C8B22B03191800693D42 /* RMService.swift in Sources */,
				9B08C8DC2B0358CF00693D42 /* CharacterListViewViewModel.swift in Sources */,
				9B08C8CA2B0328E800693D42 /* RMCharacterGender.swift in Sources */,
			);
			runOnlyForDeploymentPostprocessing = 0;
		};
/* End PBXSourcesBuildPhase section */

/* Begin XCBuildConfiguration section */
		9B08C8A42B0317B300693D42 /* Debug */ = {
			isa = XCBuildConfiguration;
			buildSettings = {
				ALWAYS_SEARCH_USER_PATHS = NO;
				ASSETCATALOG_COMPILER_GENERATE_SWIFT_ASSET_SYMBOL_EXTENSIONS = YES;
				CLANG_ANALYZER_NONNULL = YES;
				CLANG_ANALYZER_NUMBER_OBJECT_CONVERSION = YES_AGGRESSIVE;
				CLANG_CXX_LANGUAGE_STANDARD = "gnu++20";
				CLANG_ENABLE_MODULES = YES;
				CLANG_ENABLE_OBJC_ARC = YES;
				CLANG_ENABLE_OBJC_WEAK = YES;
				CLANG_WARN_BLOCK_CAPTURE_AUTORELEASING = YES;
				CLANG_WARN_BOOL_CONVERSION = YES;
				CLANG_WARN_COMMA = YES;
				CLANG_WARN_CONSTANT_CONVERSION = YES;
				CLANG_WARN_DEPRECATED_OBJC_IMPLEMENTATIONS = YES;
				CLANG_WARN_DIRECT_OBJC_ISA_USAGE = YES_ERROR;
				CLANG_WARN_DOCUMENTATION_COMMENTS = YES;
				CLANG_WARN_EMPTY_BODY = YES;
				CLANG_WARN_ENUM_CONVERSION = YES;
				CLANG_WARN_INFINITE_RECURSION = YES;
				CLANG_WARN_INT_CONVERSION = YES;
				CLANG_WARN_NON_LITERAL_NULL_CONVERSION = YES;
				CLANG_WARN_OBJC_IMPLICIT_RETAIN_SELF = YES;
				CLANG_WARN_OBJC_LITERAL_CONVERSION = YES;
				CLANG_WARN_OBJC_ROOT_CLASS = YES_ERROR;
				CLANG_WARN_QUOTED_INCLUDE_IN_FRAMEWORK_HEADER = YES;
				CLANG_WARN_RANGE_LOOP_ANALYSIS = YES;
				CLANG_WARN_STRICT_PROTOTYPES = YES;
				CLANG_WARN_SUSPICIOUS_MOVE = YES;
				CLANG_WARN_UNGUARDED_AVAILABILITY = YES_AGGRESSIVE;
				CLANG_WARN_UNREACHABLE_CODE = YES;
				CLANG_WARN__DUPLICATE_METHOD_MATCH = YES;
				COPY_PHASE_STRIP = NO;
				DEBUG_INFORMATION_FORMAT = dwarf;
				ENABLE_STRICT_OBJC_MSGSEND = YES;
				ENABLE_TESTABILITY = YES;
				ENABLE_USER_SCRIPT_SANDBOXING = YES;
				GCC_C_LANGUAGE_STANDARD = gnu17;
				GCC_DYNAMIC_NO_PIC = NO;
				GCC_NO_COMMON_BLOCKS = YES;
				GCC_OPTIMIZATION_LEVEL = 0;
				GCC_PREPROCESSOR_DEFINITIONS = (
					"DEBUG=1",
					"$(inherited)",
				);
				GCC_WARN_64_TO_32_BIT_CONVERSION = YES;
				GCC_WARN_ABOUT_RETURN_TYPE = YES_ERROR;
				GCC_WARN_UNDECLARED_SELECTOR = YES;
				GCC_WARN_UNINITIALIZED_AUTOS = YES_AGGRESSIVE;
				GCC_WARN_UNUSED_FUNCTION = YES;
				GCC_WARN_UNUSED_VARIABLE = YES;
				IPHONEOS_DEPLOYMENT_TARGET = 17.0;
				LOCALIZATION_PREFERS_STRING_CATALOGS = YES;
				MTL_ENABLE_DEBUG_INFO = INCLUDE_SOURCE;
				MTL_FAST_MATH = YES;
				ONLY_ACTIVE_ARCH = YES;
				SDKROOT = iphoneos;
				SWIFT_ACTIVE_COMPILATION_CONDITIONS = "DEBUG $(inherited)";
				SWIFT_OPTIMIZATION_LEVEL = "-Onone";
			};
			name = Debug;
		};
		9B08C8A52B0317B300693D42 /* Release */ = {
			isa = XCBuildConfiguration;
			buildSettings = {
				ALWAYS_SEARCH_USER_PATHS = NO;
				ASSETCATALOG_COMPILER_GENERATE_SWIFT_ASSET_SYMBOL_EXTENSIONS = YES;
				CLANG_ANALYZER_NONNULL = YES;
				CLANG_ANALYZER_NUMBER_OBJECT_CONVERSION = YES_AGGRESSIVE;
				CLANG_CXX_LANGUAGE_STANDARD = "gnu++20";
				CLANG_ENABLE_MODULES = YES;
				CLANG_ENABLE_OBJC_ARC = YES;
				CLANG_ENABLE_OBJC_WEAK = YES;
				CLANG_WARN_BLOCK_CAPTURE_AUTORELEASING = YES;
				CLANG_WARN_BOOL_CONVERSION = YES;
				CLANG_WARN_COMMA = YES;
				CLANG_WARN_CONSTANT_CONVERSION = YES;
				CLANG_WARN_DEPRECATED_OBJC_IMPLEMENTATIONS = YES;
				CLANG_WARN_DIRECT_OBJC_ISA_USAGE = YES_ERROR;
				CLANG_WARN_DOCUMENTATION_COMMENTS = YES;
				CLANG_WARN_EMPTY_BODY = YES;
				CLANG_WARN_ENUM_CONVERSION = YES;
				CLANG_WARN_INFINITE_RECURSION = YES;
				CLANG_WARN_INT_CONVERSION = YES;
				CLANG_WARN_NON_LITERAL_NULL_CONVERSION = YES;
				CLANG_WARN_OBJC_IMPLICIT_RETAIN_SELF = YES;
				CLANG_WARN_OBJC_LITERAL_CONVERSION = YES;
				CLANG_WARN_OBJC_ROOT_CLASS = YES_ERROR;
				CLANG_WARN_QUOTED_INCLUDE_IN_FRAMEWORK_HEADER = YES;
				CLANG_WARN_RANGE_LOOP_ANALYSIS = YES;
				CLANG_WARN_STRICT_PROTOTYPES = YES;
				CLANG_WARN_SUSPICIOUS_MOVE = YES;
				CLANG_WARN_UNGUARDED_AVAILABILITY = YES_AGGRESSIVE;
				CLANG_WARN_UNREACHABLE_CODE = YES;
				CLANG_WARN__DUPLICATE_METHOD_MATCH = YES;
				COPY_PHASE_STRIP = NO;
				DEBUG_INFORMATION_FORMAT = "dwarf-with-dsym";
				ENABLE_NS_ASSERTIONS = NO;
				ENABLE_STRICT_OBJC_MSGSEND = YES;
				ENABLE_USER_SCRIPT_SANDBOXING = YES;
				GCC_C_LANGUAGE_STANDARD = gnu17;
				GCC_NO_COMMON_BLOCKS = YES;
				GCC_WARN_64_TO_32_BIT_CONVERSION = YES;
				GCC_WARN_ABOUT_RETURN_TYPE = YES_ERROR;
				GCC_WARN_UNDECLARED_SELECTOR = YES;
				GCC_WARN_UNINITIALIZED_AUTOS = YES_AGGRESSIVE;
				GCC_WARN_UNUSED_FUNCTION = YES;
				GCC_WARN_UNUSED_VARIABLE = YES;
				IPHONEOS_DEPLOYMENT_TARGET = 17.0;
				LOCALIZATION_PREFERS_STRING_CATALOGS = YES;
				MTL_ENABLE_DEBUG_INFO = NO;
				MTL_FAST_MATH = YES;
				SDKROOT = iphoneos;
				SWIFT_COMPILATION_MODE = wholemodule;
				VALIDATE_PRODUCT = YES;
			};
			name = Release;
		};
		9B08C8A72B0317B300693D42 /* Debug */ = {
			isa = XCBuildConfiguration;
			buildSettings = {
				ASSETCATALOG_COMPILER_APPICON_NAME = AppIcon;
				ASSETCATALOG_COMPILER_GLOBAL_ACCENT_COLOR_NAME = AccentColor;
				CODE_SIGN_STYLE = Automatic;
				CURRENT_PROJECT_VERSION = 1;
				DEVELOPMENT_ASSET_PATHS = "\"RickAndMortyApp/Preview Content\"";
				DEVELOPMENT_TEAM = 6BD73LNNS6;
				ENABLE_PREVIEWS = YES;
				GENERATE_INFOPLIST_FILE = YES;
				INFOPLIST_KEY_UIApplicationSceneManifest_Generation = YES;
				INFOPLIST_KEY_UIApplicationSupportsIndirectInputEvents = YES;
				INFOPLIST_KEY_UILaunchScreen_Generation = YES;
				INFOPLIST_KEY_UISupportedInterfaceOrientations_iPad = "UIInterfaceOrientationPortrait UIInterfaceOrientationPortraitUpsideDown UIInterfaceOrientationLandscapeLeft UIInterfaceOrientationLandscapeRight";
				INFOPLIST_KEY_UISupportedInterfaceOrientations_iPhone = "UIInterfaceOrientationPortrait UIInterfaceOrientationLandscapeLeft UIInterfaceOrientationLandscapeRight";
				LD_RUNPATH_SEARCH_PATHS = (
					"$(inherited)",
					"@executable_path/Frameworks",
				);
				MARKETING_VERSION = 1.0;
				PRODUCT_BUNDLE_IDENTIFIER = com.anisazahra.RickAndMortyApp;
				PRODUCT_NAME = "$(TARGET_NAME)";
				SWIFT_EMIT_LOC_STRINGS = YES;
				SWIFT_VERSION = 5.0;
				TARGETED_DEVICE_FAMILY = "1,2";
			};
			name = Debug;
		};
		9B08C8A82B0317B300693D42 /* Release */ = {
			isa = XCBuildConfiguration;
			buildSettings = {
				ASSETCATALOG_COMPILER_APPICON_NAME = AppIcon;
				ASSETCATALOG_COMPILER_GLOBAL_ACCENT_COLOR_NAME = AccentColor;
				CODE_SIGN_STYLE = Automatic;
				CURRENT_PROJECT_VERSION = 1;
				DEVELOPMENT_ASSET_PATHS = "\"RickAndMortyApp/Preview Content\"";
				DEVELOPMENT_TEAM = 6BD73LNNS6;
				ENABLE_PREVIEWS = YES;
				GENERATE_INFOPLIST_FILE = YES;
				INFOPLIST_KEY_UIApplicationSceneManifest_Generation = YES;
				INFOPLIST_KEY_UIApplicationSupportsIndirectInputEvents = YES;
				INFOPLIST_KEY_UILaunchScreen_Generation = YES;
				INFOPLIST_KEY_UISupportedInterfaceOrientations_iPad = "UIInterfaceOrientationPortrait UIInterfaceOrientationPortraitUpsideDown UIInterfaceOrientationLandscapeLeft UIInterfaceOrientationLandscapeRight";
				INFOPLIST_KEY_UISupportedInterfaceOrientations_iPhone = "UIInterfaceOrientationPortrait UIInterfaceOrientationLandscapeLeft UIInterfaceOrientationLandscapeRight";
				LD_RUNPATH_SEARCH_PATHS = (
					"$(inherited)",
					"@executable_path/Frameworks",
				);
				MARKETING_VERSION = 1.0;
				PRODUCT_BUNDLE_IDENTIFIER = com.anisazahra.RickAndMortyApp;
				PRODUCT_NAME = "$(TARGET_NAME)";
				SWIFT_EMIT_LOC_STRINGS = YES;
				SWIFT_VERSION = 5.0;
				TARGETED_DEVICE_FAMILY = "1,2";
			};
			name = Release;
		};
/* End XCBuildConfiguration section */

/* Begin XCConfigurationList section */
		9B08C8932B0317B000693D42 /* Build configuration list for PBXProject "RickAndMortyApp" */ = {
			isa = XCConfigurationList;
			buildConfigurations = (
				9B08C8A42B0317B300693D42 /* Debug */,
				9B08C8A52B0317B300693D42 /* Release */,
			);
			defaultConfigurationIsVisible = 0;
			defaultConfigurationName = Release;
		};
		9B08C8A62B0317B300693D42 /* Build configuration list for PBXNativeTarget "RickAndMortyApp" */ = {
			isa = XCConfigurationList;
			buildConfigurations = (
				9B08C8A72B0317B300693D42 /* Debug */,
				9B08C8A82B0317B300693D42 /* Release */,
			);
			defaultConfigurationIsVisible = 0;
			defaultConfigurationName = Release;
		};
/* End XCConfigurationList section */
	};
	rootObject = 9B08C8902B0317B000693D42 /* Project object */;
}
